
Microsoft Visual Studio Solution File, Format Version 12.00
# Visual Studio 14
VisualStudioVersion = 14.0.25420.1
MinimumVisualStudioVersion = 10.0.40219.1
Project("{FAE04EC0-301F-11D3-BF4B-00C04F79EFBC}") = "MD5reborn", "MD5reborn\MD5reborn.csproj", "{F3FDE9DD-A7C4-412D-B5ED-88AEF8235FDC}"
EndProject
Project("{8BC9CEB8-8B4A-11D0-8D11-00A0C91BC942}") = "cryptoC", "cryptoC\cryptoC.vcxproj", "{F7C1C46F-B146-40C9-B50F-882619E1EB0D}"
EndProject
Project("{FAE04EC0-301F-11D3-BF4B-00C04F79EFBC}") = "cTest", "cTest\cTest.csproj", "{048AB505-6412-4517-8325-AA860BDA3CBF}"
EndProject
Global
	GlobalSection(SolutionConfigurationPlatforms) = preSolution
		Debug|Any CPU = Debug|Any CPU
		Debug|x64 = Debug|x64
		Debug|x86 = Debug|x86
		Release|Any CPU = Release|Any CPU
		Release|x64 = Release|x64
		Release|x86 = Release|x86
		Trace|Any CPU = Trace|Any CPU
		Trace|x64 = Trace|x64
		Trace|x86 = Trace|x86
	EndGlobalSection
	GlobalSection(ProjectConfigurationPlatforms) = postSolution
		{F3FDE9DD-A7C4-412D-B5ED-88AEF8235FDC}.Debug|Any CPU.ActiveCfg = Debug|Any CPU
		{F3FDE9DD-A7C4-412D-B5ED-88AEF8235FDC}.Debug|Any CPU.Build.0 = Debug|Any CPU
		{F3FDE9DD-A7C4-412D-B5ED-88AEF8235FDC}.Debug|x64.ActiveCfg = Debug|Any CPU
		{F3FDE9DD-A7C4-412D-B5ED-88AEF8235FDC}.Debug|x64.Build.0 = Debug|Any CPU
		{F3FDE9DD-A7C4-412D-B5ED-88AEF8235FDC}.Debug|x86.ActiveCfg = Debug|Any CPU
		{F3FDE9DD-A7C4-412D-B5ED-88AEF8235FDC}.Debug|x86.Build.0 = Debug|Any CPU
		{F3FDE9DD-A7C4-412D-B5ED-88AEF8235FDC}.Release|Any CPU.ActiveCfg = Release|Any CPU
		{F3FDE9DD-A7C4-412D-B5ED-88AEF8235FDC}.Release|Any CPU.Build.0 = Release|Any CPU
		{F3FDE9DD-A7C4-412D-B5ED-88AEF8235FDC}.Release|x64.ActiveCfg = Release|Any CPU
		{F3FDE9DD-A7C4-412D-B5ED-88AEF8235FDC}.Release|x64.Build.0 = Release|Any CPU
		{F3FDE9DD-A7C4-412D-B5ED-88AEF8235FDC}.Release|x86.ActiveCfg = Release|Any CPU
		{F3FDE9DD-A7C4-412D-B5ED-88AEF8235FDC}.Release|x86.Build.0 = Release|Any CPU
		{F3FDE9DD-A7C4-412D-B5ED-88AEF8235FDC}.Trace|Any CPU.ActiveCfg = Release|Any CPU
		{F3FDE9DD-A7C4-412D-B5ED-88AEF8235FDC}.Trace|Any CPU.Build.0 = Release|Any CPU
		{F3FDE9DD-A7C4-412D-B5ED-88AEF8235FDC}.Trace|x64.ActiveCfg = Release|Any CPU
		{F3FDE9DD-A7C4-412D-B5ED-88AEF8235FDC}.Trace|x64.Build.0 = Release|Any CPU
		{F3FDE9DD-A7C4-412D-B5ED-88AEF8235FDC}.Trace|x86.ActiveCfg = Release|Any CPU
		{F3FDE9DD-A7C4-412D-B5ED-88AEF8235FDC}.Trace|x86.Build.0 = Release|Any CPU
		{F7C1C46F-B146-40C9-B50F-882619E1EB0D}.Debug|Any CPU.ActiveCfg = Debug|Win32
		{F7C1C46F-B146-40C9-B50F-882619E1EB0D}.Debug|x64.ActiveCfg = Debug|x64
		{F7C1C46F-B146-40C9-B50F-882619E1EB0D}.Debug|x64.Build.0 = Debug|x64
		{F7C1C46F-B146-40C9-B50F-882619E1EB0D}.Debug|x86.ActiveCfg = Debug|Win32
		{F7C1C46F-B146-40C9-B50F-882619E1EB0D}.Debug|x86.Build.0 = Debug|Win32
		{F7C1C46F-B146-40C9-B50F-882619E1EB0D}.Release|Any CPU.ActiveCfg = Release|Win32
		{F7C1C46F-B146-40C9-B50F-882619E1EB0D}.Release|x64.ActiveCfg = Release|x64
		{F7C1C46F-B146-40C9-B50F-882619E1EB0D}.Release|x64.Build.0 = Release|x64
		{F7C1C46F-B146-40C9-B50F-882619E1EB0D}.Release|x86.ActiveCfg = Release|Win32
		{F7C1C46F-B146-40C9-B50F-882619E1EB0D}.Release|x86.Build.0 = Release|Win32
		{F7C1C46F-B146-40C9-B50F-882619E1EB0D}.Trace|Any CPU.ActiveCfg = Release|x64
		{F7C1C46F-B146-40C9-B50F-882619E1EB0D}.Trace|Any CPU.Build.0 = Release|x64
		{F7C1C46F-B146-40C9-B50F-882619E1EB0D}.Trace|x64.ActiveCfg = Release|x64
		{F7C1C46F-B146-40C9-B50F-882619E1EB0D}.Trace|x64.Build.0 = Release|x64
		{F7C1C46F-B146-40C9-B50F-882619E1EB0D}.Trace|x86.ActiveCfg = Release|Win32
		{F7C1C46F-B146-40C9-B50F-882619E1EB0D}.Trace|x86.Build.0 = Release|Win32
		{048AB505-6412-4517-8325-AA860BDA3CBF}.Debug|Any CPU.ActiveCfg = Debug|Any CPU
		{048AB505-6412-4517-8325-AA860BDA3CBF}.Debug|Any CPU.Build.0 = Debug|Any CPU
		{048AB505-6412-4517-8325-AA860BDA3CBF}.Debug|x64.ActiveCfg = Debug|Any CPU
		{048AB505-6412-4517-8325-AA860BDA3CBF}.Debug|x64.Build.0 = Debug|Any CPU
		{048AB505-6412-4517-8325-AA860BDA3CBF}.Debug|x86.ActiveCfg = Debug|Any CPU
		{048AB505-6412-4517-8325-AA860BDA3CBF}.Debug|x86.Build.0 = Debug|Any CPU
		{048AB505-6412-4517-8325-AA860BDA3CBF}.Release|Any CPU.ActiveCfg = Release|Any CPU
		{048AB505-6412-4517-8325-AA860BDA3CBF}.Release|Any CPU.Build.0 = Release|Any CPU
		{048AB505-6412-4517-8325-AA860BDA3CBF}.Release|x64.ActiveCfg = Release|Any CPU
		{048AB505-6412-4517-8325-AA860BDA3CBF}.Release|x64.Build.0 = Release|Any CPU
		{048AB505-6412-4517-8325-AA860BDA3CBF}.Release|x86.ActiveCfg = Release|Any CPU
		{048AB505-6412-4517-8325-AA860BDA3CBF}.Release|x86.Build.0 = Release|Any CPU
		{048AB505-6412-4517-8325-AA860BDA3CBF}.Trace|Any CPU.ActiveCfg = Release|Any CPU
		{048AB505-6412-4517-8325-AA860BDA3CBF}.Trace|Any CPU.Build.0 = Release|Any CPU
		{048AB505-6412-4517-8325-AA860BDA3CBF}.Trace|x64.ActiveCfg = Release|Any CPU
		{048AB505-6412-4517-8325-AA860BDA3CBF}.Trace|x64.Build.0 = Release|Any CPU
		{048AB505-6412-4517-8325-AA860BDA3CBF}.Trace|x86.ActiveCfg = Release|Any CPU
		{048AB505-6412-4517-8325-AA860BDA3CBF}.Trace|x86.Build.0 = Release|Any CPU
	EndGlobalSection
	GlobalSection(SolutionProperties) = preSolution
		HideSolutionNode = FALSE
	EndGlobalSection
EndGlobal
